
Microsoft Visual Studio Solution File, Format Version 12.00
# Visual Studio Version 16
VisualStudioVersion = 16.0.31025.194
MinimumVisualStudioVersion = 10.0.40219.1
Project("{FAE04EC0-301F-11D3-BF4B-00C04F79EFBC}") = "Lab_10", "Lab_10\Lab_10.csproj", "{5489EF4C-1D3D-4498-80E9-36B6A69C9416}"
EndProject
Global
	GlobalSection(SolutionConfigurationPlatforms) = preSolution
		Debug|Any CPU = Debug|Any CPU
		Release|Any CPU = Release|Any CPU
	EndGlobalSection
	GlobalSection(ProjectConfigurationPlatforms) = postSolution
		{5489EF4C-1D3D-4498-80E9-36B6A69C9416}.Debug|Any CPU.ActiveCfg = Debug|Any CPU
		{5489EF4C-1D3D-4498-80E9-36B6A69C9416}.Debug|Any CPU.Build.0 = Debug|Any CPU
		{5489EF4C-1D3D-4498-80E9-36B6A69C9416}.Release|Any CPU.ActiveCfg = Release|Any CPU
		{5489EF4C-1D3D-4498-80E9-36B6A69C9416}.Release|Any CPU.Build.0 = Release|Any CPU
	EndGlobalSection
	GlobalSection(SolutionProperties) = preSolution
		HideSolutionNode = FALSE
	EndGlobalSection
	GlobalSection(ExtensibilityGlobals) = postSolution
		SolutionGuid = {E080EBE7-54C9-4887-8FCD-510C3FDF6BD7}
	EndGlobalSection
EndGlobal
