
Microsoft Visual Studio Solution File, Format Version 12.00
# Visual Studio Version 16
VisualStudioVersion = 16.0.31025.194
MinimumVisualStudioVersion = 10.0.40219.1
Project("{FAE04EC0-301F-11D3-BF4B-00C04F79EFBC}") = "Lab_11", "Lab_11\Lab_11.csproj", "{8210FA6F-04BD-4C95-9D2C-5A8EADA358CF}"
EndProject
Global
	GlobalSection(SolutionConfigurationPlatforms) = preSolution
		Debug|Any CPU = Debug|Any CPU
		Release|Any CPU = Release|Any CPU
	EndGlobalSection
	GlobalSection(ProjectConfigurationPlatforms) = postSolution
		{8210FA6F-04BD-4C95-9D2C-5A8EADA358CF}.Debug|Any CPU.ActiveCfg = Debug|Any CPU
		{8210FA6F-04BD-4C95-9D2C-5A8EADA358CF}.Debug|Any CPU.Build.0 = Debug|Any CPU
		{8210FA6F-04BD-4C95-9D2C-5A8EADA358CF}.Release|Any CPU.ActiveCfg = Release|Any CPU
		{8210FA6F-04BD-4C95-9D2C-5A8EADA358CF}.Release|Any CPU.Build.0 = Release|Any CPU
	EndGlobalSection
	GlobalSection(SolutionProperties) = preSolution
		HideSolutionNode = FALSE
	EndGlobalSection
	GlobalSection(ExtensibilityGlobals) = postSolution
		SolutionGuid = {353D64F8-EFC0-4AA8-A87E-E73F02F9D4E8}
	EndGlobalSection
EndGlobal
